
Microsoft Visual Studio Solution File, Format Version 12.00
# Visual Studio 15
VisualStudioVersion = 15.0.28307.539
MinimumVisualStudioVersion = 10.0.40219.1
Project("{FAE04EC0-301F-11D3-BF4B-00C04F79EFBC}") = "Week5CustomList", "Week5CustomList\Week5CustomList.csproj", "{956405A2-97B2-4A68-BF2A-BD358599C741}"
EndProject
Project("{FAE04EC0-301F-11D3-BF4B-00C04F79EFBC}") = "CustomListUnitTestProject", "CustomListUnitTestProject\CustomListUnitTestProject.csproj", "{3E751868-1CC8-474D-ADB6-1335AD1C9AB9}"
EndProject
Global
	GlobalSection(SolutionConfigurationPlatforms) = preSolution
		Debug|Any CPU = Debug|Any CPU
		Release|Any CPU = Release|Any CPU
	EndGlobalSection
	GlobalSection(ProjectConfigurationPlatforms) = postSolution
		{956405A2-97B2-4A68-BF2A-BD358599C741}.Debug|Any CPU.ActiveCfg = Debug|Any CPU
		{956405A2-97B2-4A68-BF2A-BD358599C741}.Debug|Any CPU.Build.0 = Debug|Any CPU
		{956405A2-97B2-4A68-BF2A-BD358599C741}.Release|Any CPU.ActiveCfg = Release|Any CPU
		{956405A2-97B2-4A68-BF2A-BD358599C741}.Release|Any CPU.Build.0 = Release|Any CPU
		{3E751868-1CC8-474D-ADB6-1335AD1C9AB9}.Debug|Any CPU.ActiveCfg = Debug|Any CPU
		{3E751868-1CC8-474D-ADB6-1335AD1C9AB9}.Debug|Any CPU.Build.0 = Debug|Any CPU
		{3E751868-1CC8-474D-ADB6-1335AD1C9AB9}.Release|Any CPU.ActiveCfg = Release|Any CPU
		{3E751868-1CC8-474D-ADB6-1335AD1C9AB9}.Release|Any CPU.Build.0 = Release|Any CPU
	EndGlobalSection
	GlobalSection(SolutionProperties) = preSolution
		HideSolutionNode = FALSE
	EndGlobalSection
	GlobalSection(ExtensibilityGlobals) = postSolution
		SolutionGuid = {499CCC49-70AD-49BD-9174-6AA523819683}
	EndGlobalSection
EndGlobal
